
Microsoft Visual Studio Solution File, Format Version 11.00
# Visual Studio 2010
Project("{FAE04EC0-301F-11D3-BF4B-00C04F79EFBC}") = "Assembly-CSharp", "Assembly-CSharp.csproj", "{5c9011ee-1a05-b43c-d421-c39f90598d46}"
EndProject
Project("{FAE04EC0-301F-11D3-BF4B-00C04F79EFBC}") = "Unity.2D.Tilemap.Extras", "Unity.2D.Tilemap.Extras.csproj", "{4605cb0b-59a1-c057-2277-d63041bdd232}"
EndProject
Project("{FAE04EC0-301F-11D3-BF4B-00C04F79EFBC}") = "Unity.2D.Tilemap.Extras.Editor", "Unity.2D.Tilemap.Extras.Editor.csproj", "{901c043e-8260-0851-8aa4-a6260d39c254}"
EndProject
Project("{FAE04EC0-301F-11D3-BF4B-00C04F79EFBC}") = "Unity.2D.Tilemap.Extras.Placeholder.EditorTests", "Unity.2D.Tilemap.Extras.Placeholder.EditorTests.csproj", "{71668e80-38d0-0ed4-7645-87524bfca9ac}"
EndProject
Global
	GlobalSection(SolutionConfigurationPlatforms) = preSolution
		Debug|Any CPU = Debug|Any CPU
		Release|Any CPU = Release|Any CPU
	EndGlobalSection
	GlobalSection(ProjectConfigurationPlatforms) = postSolution
		{5c9011ee-1a05-b43c-d421-c39f90598d46}.Debug|Any CPU.ActiveCfg = Debug|Any CPU
		{5c9011ee-1a05-b43c-d421-c39f90598d46}.Debug|Any CPU.Build.0 = Debug|Any CPU
		{5c9011ee-1a05-b43c-d421-c39f90598d46}.Release|Any CPU.ActiveCfg = Release|Any CPU
		{5c9011ee-1a05-b43c-d421-c39f90598d46}.Release|Any CPU.Build.0 = Release|Any CPU
		{4605cb0b-59a1-c057-2277-d63041bdd232}.Debug|Any CPU.ActiveCfg = Debug|Any CPU
		{4605cb0b-59a1-c057-2277-d63041bdd232}.Debug|Any CPU.Build.0 = Debug|Any CPU
		{4605cb0b-59a1-c057-2277-d63041bdd232}.Release|Any CPU.ActiveCfg = Release|Any CPU
		{4605cb0b-59a1-c057-2277-d63041bdd232}.Release|Any CPU.Build.0 = Release|Any CPU
		{901c043e-8260-0851-8aa4-a6260d39c254}.Debug|Any CPU.ActiveCfg = Debug|Any CPU
		{901c043e-8260-0851-8aa4-a6260d39c254}.Debug|Any CPU.Build.0 = Debug|Any CPU
		{901c043e-8260-0851-8aa4-a6260d39c254}.Release|Any CPU.ActiveCfg = Release|Any CPU
		{901c043e-8260-0851-8aa4-a6260d39c254}.Release|Any CPU.Build.0 = Release|Any CPU
		{71668e80-38d0-0ed4-7645-87524bfca9ac}.Debug|Any CPU.ActiveCfg = Debug|Any CPU
		{71668e80-38d0-0ed4-7645-87524bfca9ac}.Debug|Any CPU.Build.0 = Debug|Any CPU
		{71668e80-38d0-0ed4-7645-87524bfca9ac}.Release|Any CPU.ActiveCfg = Release|Any CPU
		{71668e80-38d0-0ed4-7645-87524bfca9ac}.Release|Any CPU.Build.0 = Release|Any CPU
	EndGlobalSection
	GlobalSection(SolutionProperties) = preSolution
		HideSolutionNode = FALSE
	EndGlobalSection
EndGlobal
